// !$*UTF8*$!
{
	archiveVersion = 1;
	classes = {
	};
	objectVersion = 55;
	objects = {

/* Begin PBXBuildFile section */
		46147E5B291D7BE9002350FB /* ChessClockTests.swift in Sources */ = {isa = PBXBuildFile; fileRef = 46147E5A291D7BE9002350FB /* ChessClockTests.swift */; };
		4684577028559F2700721382 /* ChessClockApp.swift in Sources */ = {isa = PBXBuildFile; fileRef = 4684576028559F2600721382 /* ChessClockApp.swift */; };
		4684577228559F2700721382 /* ContentView.swift in Sources */ = {isa = PBXBuildFile; fileRef = 4684576128559F2600721382 /* ContentView.swift */; };
		4684577428559F2700721382 /* Assets.xcassets in Resources */ = {isa = PBXBuildFile; fileRef = 4684576228559F2700721382 /* Assets.xcassets */; };
		46A72E81286D771900393C71 /* ComposableArchitecture in Frameworks */ = {isa = PBXBuildFile; productRef = 46A72E80286D771900393C71 /* ComposableArchitecture */; };
		46D38731291235B000F7D9CB /* EditTimeControlView.swift in Sources */ = {isa = PBXBuildFile; fileRef = 46D38730291235B000F7D9CB /* EditTimeControlView.swift */; };
/* End PBXBuildFile section */

/* Begin PBXContainerItemProxy section */
		46147E5C291D7BE9002350FB /* PBXContainerItemProxy */ = {
			isa = PBXContainerItemProxy;
			containerPortal = 4684575B28559F2500721382 /* Project object */;
			proxyType = 1;
			remoteGlobalIDString = 4684576628559F2700721382;
			remoteInfo = "ChessClock (iOS)";
		};
/* End PBXContainerItemProxy section */

/* Begin PBXFileReference section */
		46147E58291D7BE9002350FB /* ChessClockTests.xctest */ = {isa = PBXFileReference; explicitFileType = wrapper.cfbundle; includeInIndex = 0; path = ChessClockTests.xctest; sourceTree = BUILT_PRODUCTS_DIR; };
		46147E5A291D7BE9002350FB /* ChessClockTests.swift */ = {isa = PBXFileReference; lastKnownFileType = sourcecode.swift; path = ChessClockTests.swift; sourceTree = "<group>"; };
		4684576028559F2600721382 /* ChessClockApp.swift */ = {isa = PBXFileReference; lastKnownFileType = sourcecode.swift; path = ChessClockApp.swift; sourceTree = "<group>"; };
		4684576128559F2600721382 /* ContentView.swift */ = {isa = PBXFileReference; lastKnownFileType = sourcecode.swift; path = ContentView.swift; sourceTree = "<group>"; };
		4684576228559F2700721382 /* Assets.xcassets */ = {isa = PBXFileReference; lastKnownFileType = folder.assetcatalog; path = Assets.xcassets; sourceTree = "<group>"; };
		4684576728559F2700721382 /* ChessClock.app */ = {isa = PBXFileReference; explicitFileType = wrapper.application; includeInIndex = 0; path = ChessClock.app; sourceTree = BUILT_PRODUCTS_DIR; };
		46D38730291235B000F7D9CB /* EditTimeControlView.swift */ = {isa = PBXFileReference; lastKnownFileType = sourcecode.swift; path = EditTimeControlView.swift; sourceTree = "<group>"; };
/* End PBXFileReference section */

/* Begin PBXFrameworksBuildPhase section */
		46147E55291D7BE9002350FB /* Frameworks */ = {
			isa = PBXFrameworksBuildPhase;
			buildActionMask = 2147483647;
			files = (
			);
			runOnlyForDeploymentPostprocessing = 0;
		};
		4684576428559F2700721382 /* Frameworks */ = {
			isa = PBXFrameworksBuildPhase;
			buildActionMask = 2147483647;
			files = (
				46A72E81286D771900393C71 /* ComposableArchitecture in Frameworks */,
			);
			runOnlyForDeploymentPostprocessing = 0;
		};
/* End PBXFrameworksBuildPhase section */

/* Begin PBXGroup section */
		46147E59291D7BE9002350FB /* ChessClockTests */ = {
			isa = PBXGroup;
			children = (
				46147E5A291D7BE9002350FB /* ChessClockTests.swift */,
			);
			path = ChessClockTests;
			sourceTree = "<group>";
		};
		4684575A28559F2500721382 = {
			isa = PBXGroup;
			children = (
				4684575F28559F2500721382 /* Shared */,
				46147E59291D7BE9002350FB /* ChessClockTests */,
				46D3872D291234AD00F7D9CB /* Frameworks */,
				4684576828559F2700721382 /* Products */,
			);
			sourceTree = "<group>";
		};
		4684575F28559F2500721382 /* Shared */ = {
			isa = PBXGroup;
			children = (
				4684576028559F2600721382 /* ChessClockApp.swift */,
				4684576128559F2600721382 /* ContentView.swift */,
				46D38730291235B000F7D9CB /* EditTimeControlView.swift */,
				4684576228559F2700721382 /* Assets.xcassets */,
			);
			path = Shared;
			sourceTree = "<group>";
		};
		4684576828559F2700721382 /* Products */ = {
			isa = PBXGroup;
			children = (
				4684576728559F2700721382 /* ChessClock.app */,
				46147E58291D7BE9002350FB /* ChessClockTests.xctest */,
			);
			name = Products;
			sourceTree = "<group>";
		};
		46D3872D291234AD00F7D9CB /* Frameworks */ = {
			isa = PBXGroup;
			children = (
			);
			name = Frameworks;
			sourceTree = "<group>";
		};
/* End PBXGroup section */

/* Begin PBXNativeTarget section */
		46147E57291D7BE9002350FB /* ChessClockTests */ = {
			isa = PBXNativeTarget;
			buildConfigurationList = 46147E5E291D7BE9002350FB /* Build configuration list for PBXNativeTarget "ChessClockTests" */;
			buildPhases = (
				46147E54291D7BE9002350FB /* Sources */,
				46147E55291D7BE9002350FB /* Frameworks */,
				46147E56291D7BE9002350FB /* Resources */,
			);
			buildRules = (
			);
			dependencies = (
				46147E5D291D7BE9002350FB /* PBXTargetDependency */,
			);
			name = ChessClockTests;
			productName = ChessClockTests;
			productReference = 46147E58291D7BE9002350FB /* ChessClockTests.xctest */;
			productType = "com.apple.product-type.bundle.unit-test";
		};
		4684576628559F2700721382 /* ChessClock (iOS) */ = {
			isa = PBXNativeTarget;
			buildConfigurationList = 4684577828559F2700721382 /* Build configuration list for PBXNativeTarget "ChessClock (iOS)" */;
			buildPhases = (
				4684576328559F2700721382 /* Sources */,
				4684576428559F2700721382 /* Frameworks */,
				4684576528559F2700721382 /* Resources */,
			);
			buildRules = (
			);
			dependencies = (
			);
			name = "ChessClock (iOS)";
			packageProductDependencies = (
				46A72E80286D771900393C71 /* ComposableArchitecture */,
			);
			productName = "ChessClock (iOS)";
			productReference = 4684576728559F2700721382 /* ChessClock.app */;
			productType = "com.apple.product-type.application";
		};
/* End PBXNativeTarget section */

/* Begin PBXProject section */
		4684575B28559F2500721382 /* Project object */ = {
			isa = PBXProject;
			attributes = {
				BuildIndependentTargetsInParallel = 1;
				LastSwiftUpdateCheck = 1410;
				LastUpgradeCheck = 1400;
				TargetAttributes = {
					46147E57291D7BE9002350FB = {
						CreatedOnToolsVersion = 14.1;
						TestTargetID = 4684576628559F2700721382;
					};
					4684576628559F2700721382 = {
						CreatedOnToolsVersion = 13.2.1;
					};
				};
			};
			buildConfigurationList = 4684575E28559F2500721382 /* Build configuration list for PBXProject "ChessClock" */;
			compatibilityVersion = "Xcode 13.0";
			developmentRegion = en;
			hasScannedForEncodings = 0;
			knownRegions = (
				en,
				Base,
			);
			mainGroup = 4684575A28559F2500721382;
			packageReferences = (
				46A72E7F286D771900393C71 /* XCRemoteSwiftPackageReference "swift-composable-architecture" */,
			);
			productRefGroup = 4684576828559F2700721382 /* Products */;
			projectDirPath = "";
			projectRoot = "";
			targets = (
				4684576628559F2700721382 /* ChessClock (iOS) */,
				46147E57291D7BE9002350FB /* ChessClockTests */,
			);
		};
/* End PBXProject section */

/* Begin PBXResourcesBuildPhase section */
		46147E56291D7BE9002350FB /* Resources */ = {
			isa = PBXResourcesBuildPhase;
			buildActionMask = 2147483647;
			files = (
			);
			runOnlyForDeploymentPostprocessing = 0;
		};
		4684576528559F2700721382 /* Resources */ = {
			isa = PBXResourcesBuildPhase;
			buildActionMask = 2147483647;
			files = (
				4684577428559F2700721382 /* Assets.xcassets in Resources */,
			);
			runOnlyForDeploymentPostprocessing = 0;
		};
/* End PBXResourcesBuildPhase section */

/* Begin PBXSourcesBuildPhase section */
		46147E54291D7BE9002350FB /* Sources */ = {
			isa = PBXSourcesBuildPhase;
			buildActionMask = 2147483647;
			files = (
				46147E5B291D7BE9002350FB /* ChessClockTests.swift in Sources */,
			);
			runOnlyForDeploymentPostprocessing = 0;
		};
		4684576328559F2700721382 /* Sources */ = {
			isa = PBXSourcesBuildPhase;
			buildActionMask = 2147483647;
			files = (
				46D38731291235B000F7D9CB /* EditTimeControlView.swift in Sources */,
				4684577228559F2700721382 /* ContentView.swift in Sources */,
				4684577028559F2700721382 /* ChessClockApp.swift in Sources */,
			);
			runOnlyForDeploymentPostprocessing = 0;
		};
/* End PBXSourcesBuildPhase section */

/* Begin PBXTargetDependency section */
		46147E5D291D7BE9002350FB /* PBXTargetDependency */ = {
			isa = PBXTargetDependency;
			target = 4684576628559F2700721382 /* ChessClock (iOS) */;
			targetProxy = 46147E5C291D7BE9002350FB /* PBXContainerItemProxy */;
		};
/* End PBXTargetDependency section */

/* Begin XCBuildConfiguration section */
		46147E5F291D7BE9002350FB /* Debug */ = {
			isa = XCBuildConfiguration;
			buildSettings = {
				BUNDLE_LOADER = "$(TEST_HOST)";
				CLANG_CXX_LANGUAGE_STANDARD = "gnu++20";
				CODE_SIGN_STYLE = Automatic;
				CURRENT_PROJECT_VERSION = 1;
				DEVELOPMENT_TEAM = 9298243JKU;
				GENERATE_INFOPLIST_FILE = YES;
				IPHONEOS_DEPLOYMENT_TARGET = 16.1;
				MARKETING_VERSION = 1.0;
				PRODUCT_BUNDLE_IDENTIFIER = com.freddyhernandezjr.ChessClockTests;
				PRODUCT_NAME = "$(TARGET_NAME)";
				SDKROOT = iphoneos;
				SWIFT_EMIT_LOC_STRINGS = NO;
				SWIFT_VERSION = 5.0;
				TARGETED_DEVICE_FAMILY = "1,2";
				TEST_HOST = "$(BUILT_PRODUCTS_DIR)/ChessClock.app/$(BUNDLE_EXECUTABLE_FOLDER_PATH)/ChessClock";
			};
			name = Debug;
		};
		46147E60291D7BE9002350FB /* Release */ = {
			isa = XCBuildConfiguration;
			buildSettings = {
				BUNDLE_LOADER = "$(TEST_HOST)";
				CLANG_CXX_LANGUAGE_STANDARD = "gnu++20";
				CODE_SIGN_STYLE = Automatic;
				CURRENT_PROJECT_VERSION = 1;
				DEVELOPMENT_TEAM = 9298243JKU;
				GENERATE_INFOPLIST_FILE = YES;
				IPHONEOS_DEPLOYMENT_TARGET = 16.1;
				MARKETING_VERSION = 1.0;
				PRODUCT_BUNDLE_IDENTIFIER = com.freddyhernandezjr.ChessClockTests;
				PRODUCT_NAME = "$(TARGET_NAME)";
				SDKROOT = iphoneos;
				SWIFT_EMIT_LOC_STRINGS = NO;
				SWIFT_VERSION = 5.0;
				TARGETED_DEVICE_FAMILY = "1,2";
				TEST_HOST = "$(BUILT_PRODUCTS_DIR)/ChessClock.app/$(BUNDLE_EXECUTABLE_FOLDER_PATH)/ChessClock";
				VALIDATE_PRODUCT = YES;
			};
			name = Release;
		};
		4684577628559F2700721382 /* Debug */ = {
			isa = XCBuildConfiguration;
			buildSettings = {
				ALWAYS_SEARCH_USER_PATHS = NO;
				CLANG_ANALYZER_NONNULL = YES;
				CLANG_ANALYZER_NUMBER_OBJECT_CONVERSION = YES_AGGRESSIVE;
				CLANG_CXX_LANGUAGE_STANDARD = "gnu++17";
				CLANG_CXX_LIBRARY = "libc++";
				CLANG_ENABLE_MODULES = YES;
				CLANG_ENABLE_OBJC_ARC = YES;
				CLANG_ENABLE_OBJC_WEAK = YES;
				CLANG_WARN_BLOCK_CAPTURE_AUTORELEASING = YES;
				CLANG_WARN_BOOL_CONVERSION = YES;
				CLANG_WARN_COMMA = YES;
				CLANG_WARN_CONSTANT_CONVERSION = YES;
				CLANG_WARN_DEPRECATED_OBJC_IMPLEMENTATIONS = YES;
				CLANG_WARN_DIRECT_OBJC_ISA_USAGE = YES_ERROR;
				CLANG_WARN_DOCUMENTATION_COMMENTS = YES;
				CLANG_WARN_EMPTY_BODY = YES;
				CLANG_WARN_ENUM_CONVERSION = YES;
				CLANG_WARN_INFINITE_RECURSION = YES;
				CLANG_WARN_INT_CONVERSION = YES;
				CLANG_WARN_NON_LITERAL_NULL_CONVERSION = YES;
				CLANG_WARN_OBJC_IMPLICIT_RETAIN_SELF = YES;
				CLANG_WARN_OBJC_LITERAL_CONVERSION = YES;
				CLANG_WARN_OBJC_ROOT_CLASS = YES_ERROR;
				CLANG_WARN_QUOTED_INCLUDE_IN_FRAMEWORK_HEADER = YES;
				CLANG_WARN_RANGE_LOOP_ANALYSIS = YES;
				CLANG_WARN_STRICT_PROTOTYPES = YES;
				CLANG_WARN_SUSPICIOUS_MOVE = YES;
				CLANG_WARN_UNGUARDED_AVAILABILITY = YES_AGGRESSIVE;
				CLANG_WARN_UNREACHABLE_CODE = YES;
				CLANG_WARN__DUPLICATE_METHOD_MATCH = YES;
				COPY_PHASE_STRIP = NO;
				DEAD_CODE_STRIPPING = YES;
				DEBUG_INFORMATION_FORMAT = dwarf;
				ENABLE_STRICT_OBJC_MSGSEND = YES;
				ENABLE_TESTABILITY = YES;
				GCC_C_LANGUAGE_STANDARD = gnu11;
				GCC_DYNAMIC_NO_PIC = NO;
				GCC_NO_COMMON_BLOCKS = YES;
				GCC_OPTIMIZATION_LEVEL = 0;
				GCC_PREPROCESSOR_DEFINITIONS = (
					"DEBUG=1",
					"$(inherited)",
				);
				GCC_WARN_64_TO_32_BIT_CONVERSION = YES;
				GCC_WARN_ABOUT_RETURN_TYPE = YES_ERROR;
				GCC_WARN_UNDECLARED_SELECTOR = YES;
				GCC_WARN_UNINITIALIZED_AUTOS = YES_AGGRESSIVE;
				GCC_WARN_UNUSED_FUNCTION = YES;
				GCC_WARN_UNUSED_VARIABLE = YES;
				MTL_ENABLE_DEBUG_INFO = INCLUDE_SOURCE;
				MTL_FAST_MATH = YES;
				ONLY_ACTIVE_ARCH = YES;
				SWIFT_ACTIVE_COMPILATION_CONDITIONS = DEBUG;
				SWIFT_OPTIMIZATION_LEVEL = "-Onone";
			};
			name = Debug;
		};
		4684577728559F2700721382 /* Release */ = {
			isa = XCBuildConfiguration;
			buildSettings = {
				ALWAYS_SEARCH_USER_PATHS = NO;
				CLANG_ANALYZER_NONNULL = YES;
				CLANG_ANALYZER_NUMBER_OBJECT_CONVERSION = YES_AGGRESSIVE;
				CLANG_CXX_LANGUAGE_STANDARD = "gnu++17";
				CLANG_CXX_LIBRARY = "libc++";
				CLANG_ENABLE_MODULES = YES;
				CLANG_ENABLE_OBJC_ARC = YES;
				CLANG_ENABLE_OBJC_WEAK = YES;
				CLANG_WARN_BLOCK_CAPTURE_AUTORELEASING = YES;
				CLANG_WARN_BOOL_CONVERSION = YES;
				CLANG_WARN_COMMA = YES;
				CLANG_WARN_CONSTANT_CONVERSION = YES;
				CLANG_WARN_DEPRECATED_OBJC_IMPLEMENTATIONS = YES;
				CLANG_WARN_DIRECT_OBJC_ISA_USAGE = YES_ERROR;
				CLANG_WARN_DOCUMENTATION_COMMENTS = YES;
				CLANG_WARN_EMPTY_BODY = YES;
				CLANG_WARN_ENUM_CONVERSION = YES;
				CLANG_WARN_INFINITE_RECURSION = YES;
				CLANG_WARN_INT_CONVERSION = YES;
				CLANG_WARN_NON_LITERAL_NULL_CONVERSION = YES;
				CLANG_WARN_OBJC_IMPLICIT_RETAIN_SELF = YES;
				CLANG_WARN_OBJC_LITERAL_CONVERSION = YES;
				CLANG_WARN_OBJC_ROOT_CLASS = YES_ERROR;
				CLANG_WARN_QUOTED_INCLUDE_IN_FRAMEWORK_HEADER = YES;
				CLANG_WARN_RANGE_LOOP_ANALYSIS = YES;
				CLANG_WARN_STRICT_PROTOTYPES = YES;
				CLANG_WARN_SUSPICIOUS_MOVE = YES;
				CLANG_WARN_UNGUARDED_AVAILABILITY = YES_AGGRESSIVE;
				CLANG_WARN_UNREACHABLE_CODE = YES;
				CLANG_WARN__DUPLICATE_METHOD_MATCH = YES;
				COPY_PHASE_STRIP = NO;
				DEAD_CODE_STRIPPING = YES;
				DEBUG_INFORMATION_FORMAT = "dwarf-with-dsym";
				ENABLE_NS_ASSERTIONS = NO;
				ENABLE_STRICT_OBJC_MSGSEND = YES;
				GCC_C_LANGUAGE_STANDARD = gnu11;
				GCC_NO_COMMON_BLOCKS = YES;
				GCC_WARN_64_TO_32_BIT_CONVERSION = YES;
				GCC_WARN_ABOUT_RETURN_TYPE = YES_ERROR;
				GCC_WARN_UNDECLARED_SELECTOR = YES;
				GCC_WARN_UNINITIALIZED_AUTOS = YES_AGGRESSIVE;
				GCC_WARN_UNUSED_FUNCTION = YES;
				GCC_WARN_UNUSED_VARIABLE = YES;
				MTL_ENABLE_DEBUG_INFO = NO;
				MTL_FAST_MATH = YES;
				SWIFT_COMPILATION_MODE = wholemodule;
				SWIFT_OPTIMIZATION_LEVEL = "-O";
			};
			name = Release;
		};
		4684577928559F2700721382 /* Debug */ = {
			isa = XCBuildConfiguration;
			buildSettings = {
				ASSETCATALOG_COMPILER_APPICON_NAME = AppIcon;
				ASSETCATALOG_COMPILER_GLOBAL_ACCENT_COLOR_NAME = AccentColor;
				CODE_SIGN_STYLE = Automatic;
				CURRENT_PROJECT_VERSION = 1;
				DEVELOPMENT_TEAM = 9298243JKU;
				ENABLE_PREVIEWS = YES;
				GENERATE_INFOPLIST_FILE = YES;
				INFOPLIST_KEY_UIApplicationSceneManifest_Generation = YES;
				INFOPLIST_KEY_UIApplicationSupportsIndirectInputEvents = YES;
				INFOPLIST_KEY_UILaunchScreen_Generation = YES;
				INFOPLIST_KEY_UISupportedInterfaceOrientations = UIInterfaceOrientationPortrait;
				IPHONEOS_DEPLOYMENT_TARGET = 15.2;
				LD_RUNPATH_SEARCH_PATHS = (
					"$(inherited)",
					"@executable_path/Frameworks",
				);
				MARKETING_VERSION = 1.0;
				PRODUCT_BUNDLE_IDENTIFIER = com.freddyhernandezjr.ChessClock;
				PRODUCT_NAME = ChessClock;
				SDKROOT = iphoneos;
				SWIFT_EMIT_LOC_STRINGS = YES;
				SWIFT_VERSION = 5.0;
				TARGETED_DEVICE_FAMILY = "1,2";
			};
			name = Debug;
		};
		4684577A28559F2700721382 /* Release */ = {
			isa = XCBuildConfiguration;
			buildSettings = {
				ASSETCATALOG_COMPILER_APPICON_NAME = AppIcon;
				ASSETCATALOG_COMPILER_GLOBAL_ACCENT_COLOR_NAME = AccentColor;
				CODE_SIGN_STYLE = Automatic;
				CURRENT_PROJECT_VERSION = 1;
				DEVELOPMENT_TEAM = 9298243JKU;
				ENABLE_PREVIEWS = YES;
				GENERATE_INFOPLIST_FILE = YES;
				INFOPLIST_KEY_UIApplicationSceneManifest_Generation = YES;
				INFOPLIST_KEY_UIApplicationSupportsIndirectInputEvents = YES;
				INFOPLIST_KEY_UILaunchScreen_Generation = YES;
				INFOPLIST_KEY_UISupportedInterfaceOrientations = UIInterfaceOrientationPortrait;
				IPHONEOS_DEPLOYMENT_TARGET = 15.2;
				LD_RUNPATH_SEARCH_PATHS = (
					"$(inherited)",
					"@executable_path/Frameworks",
				);
				MARKETING_VERSION = 1.0;
				PRODUCT_BUNDLE_IDENTIFIER = com.freddyhernandezjr.ChessClock;
				PRODUCT_NAME = ChessClock;
				SDKROOT = iphoneos;
				SWIFT_EMIT_LOC_STRINGS = YES;
				SWIFT_VERSION = 5.0;
				TARGETED_DEVICE_FAMILY = "1,2";
				VALIDATE_PRODUCT = YES;
			};
			name = Release;
		};
/* End XCBuildConfiguration section */

/* Begin XCConfigurationList section */
		46147E5E291D7BE9002350FB /* Build configuration list for PBXNativeTarget "ChessClockTests" */ = {
			isa = XCConfigurationList;
			buildConfigurations = (
				46147E5F291D7BE9002350FB /* Debug */,
				46147E60291D7BE9002350FB /* Release */,
			);
			defaultConfigurationIsVisible = 0;
			defaultConfigurationName = Release;
		};
		4684575E28559F2500721382 /* Build configuration list for PBXProject "ChessClock" */ = {
			isa = XCConfigurationList;
			buildConfigurations = (
				4684577628559F2700721382 /* Debug */,
				4684577728559F2700721382 /* Release */,
			);
			defaultConfigurationIsVisible = 0;
			defaultConfigurationName = Release;
		};
		4684577828559F2700721382 /* Build configuration list for PBXNativeTarget "ChessClock (iOS)" */ = {
			isa = XCConfigurationList;
			buildConfigurations = (
				4684577928559F2700721382 /* Debug */,
				4684577A28559F2700721382 /* Release */,
			);
			defaultConfigurationIsVisible = 0;
			defaultConfigurationName = Release;
		};
/* End XCConfigurationList section */

/* Begin XCRemoteSwiftPackageReference section */
		46A72E7F286D771900393C71 /* XCRemoteSwiftPackageReference "swift-composable-architecture" */ = {
			isa = XCRemoteSwiftPackageReference;
			repositoryURL = "https://github.com/pointfreeco/swift-composable-architecture";
			requirement = {
				kind = upToNextMajorVersion;
				minimumVersion = 0.9.0;
			};
		};
/* End XCRemoteSwiftPackageReference section */

/* Begin XCSwiftPackageProductDependency section */
		46A72E80286D771900393C71 /* ComposableArchitecture */ = {
			isa = XCSwiftPackageProductDependency;
			package = 46A72E7F286D771900393C71 /* XCRemoteSwiftPackageReference "swift-composable-architecture" */;
			productName = ComposableArchitecture;
		};
/* End XCSwiftPackageProductDependency section */
	};
	rootObject = 4684575B28559F2500721382 /* Project object */;
}
